
Microsoft Visual Studio Solution File, Format Version 12.00
# Visual Studio Version 17
VisualStudioVersion = 17.8.34408.163
MinimumVisualStudioVersion = 10.0.40219.1
Project("{9A19103F-16F7-4668-BE54-9A1E7A4F7556}") = "WebApp", "WebApp\WebApp.csproj", "{A6D40280-9F9E-4BE3-9772-1724E6B37072}"
EndProject
Project("{9A19103F-16F7-4668-BE54-9A1E7A4F7556}") = "WebApp.IntegrationTests", "WebApp.IntegrationTests\WebApp.IntegrationTests.csproj", "{C3D1C760-4F4F-49AC-8074-A153CAE1B3BC}"
EndProject
Project("{2150E333-8FDC-42A3-9474-1A3956D46DE8}") = "Solution Items", "Solution Items", "{08DFC9B4-BC52-4827-A93D-54D09D3575A0}"
	ProjectSection(SolutionItems) = preProject
		.gitignore = .gitignore
		Commands.txt = Commands.txt
	EndProjectSection
EndProject
Project("{9A19103F-16F7-4668-BE54-9A1E7A4F7556}") = "WebApp.LoadTests", "WebApp.LoadTests\WebApp.LoadTests.csproj", "{19DDAB4A-2CBC-4F58-99B4-8D0666028638}"
EndProject
Project("{E53339B2-1760-4266-BCC7-CA923CBCF16C}") = "docker-compose", "docker-compose.dcproj", "{85489CC9-9EE2-4B74-ABF6-5E093A94EC92}"
EndProject
Global
	GlobalSection(SolutionConfigurationPlatforms) = preSolution
		Debug|Any CPU = Debug|Any CPU
		Release|Any CPU = Release|Any CPU
	EndGlobalSection
	GlobalSection(ProjectConfigurationPlatforms) = postSolution
		{A6D40280-9F9E-4BE3-9772-1724E6B37072}.Debug|Any CPU.ActiveCfg = Debug|Any CPU
		{A6D40280-9F9E-4BE3-9772-1724E6B37072}.Debug|Any CPU.Build.0 = Debug|Any CPU
		{A6D40280-9F9E-4BE3-9772-1724E6B37072}.Release|Any CPU.ActiveCfg = Release|Any CPU
		{A6D40280-9F9E-4BE3-9772-1724E6B37072}.Release|Any CPU.Build.0 = Release|Any CPU
		{C3D1C760-4F4F-49AC-8074-A153CAE1B3BC}.Debug|Any CPU.ActiveCfg = Debug|Any CPU
		{C3D1C760-4F4F-49AC-8074-A153CAE1B3BC}.Debug|Any CPU.Build.0 = Debug|Any CPU
		{C3D1C760-4F4F-49AC-8074-A153CAE1B3BC}.Release|Any CPU.ActiveCfg = Release|Any CPU
		{C3D1C760-4F4F-49AC-8074-A153CAE1B3BC}.Release|Any CPU.Build.0 = Release|Any CPU
		{19DDAB4A-2CBC-4F58-99B4-8D0666028638}.Debug|Any CPU.ActiveCfg = Debug|Any CPU
		{19DDAB4A-2CBC-4F58-99B4-8D0666028638}.Debug|Any CPU.Build.0 = Debug|Any CPU
		{19DDAB4A-2CBC-4F58-99B4-8D0666028638}.Release|Any CPU.ActiveCfg = Release|Any CPU
		{19DDAB4A-2CBC-4F58-99B4-8D0666028638}.Release|Any CPU.Build.0 = Release|Any CPU
		{85489CC9-9EE2-4B74-ABF6-5E093A94EC92}.Debug|Any CPU.ActiveCfg = Debug|Any CPU
		{85489CC9-9EE2-4B74-ABF6-5E093A94EC92}.Debug|Any CPU.Build.0 = Debug|Any CPU
		{85489CC9-9EE2-4B74-ABF6-5E093A94EC92}.Release|Any CPU.ActiveCfg = Release|Any CPU
		{85489CC9-9EE2-4B74-ABF6-5E093A94EC92}.Release|Any CPU.Build.0 = Release|Any CPU
	EndGlobalSection
	GlobalSection(SolutionProperties) = preSolution
		HideSolutionNode = FALSE
	EndGlobalSection
	GlobalSection(ExtensibilityGlobals) = postSolution
		SolutionGuid = {00D0FF3A-A9EF-4202-8621-098FA62EB39C}
	EndGlobalSection
EndGlobal
